// !$*UTF8*$!
{
	archiveVersion = 1;
	classes = {
	};
	objectVersion = 46;
	objects = {

/* Begin PBXBuildFile section */
		DFF091E91D163C290082FC52 /* main.m in Sources */ = {isa = PBXBuildFile; fileRef = DFF091E81D163C290082FC52 /* main.m */; };
		DFF091EC1D163C290082FC52 /* AppDelegate.m in Sources */ = {isa = PBXBuildFile; fileRef = DFF091EB1D163C290082FC52 /* AppDelegate.m */; };
		DFF091EF1D163C290082FC52 /* ViewController.m in Sources */ = {isa = PBXBuildFile; fileRef = DFF091EE1D163C290082FC52 /* ViewController.m */; };
		DFF091F21D163C290082FC52 /* Main.storyboard in Resources */ = {isa = PBXBuildFile; fileRef = DFF091F01D163C290082FC52 /* Main.storyboard */; };
		DFF091F41D163C290082FC52 /* Assets.xcassets in Resources */ = {isa = PBXBuildFile; fileRef = DFF091F31D163C290082FC52 /* Assets.xcassets */; };
		DFF091F71D163C290082FC52 /* LaunchScreen.storyboard in Resources */ = {isa = PBXBuildFile; fileRef = DFF091F51D163C290082FC52 /* LaunchScreen.storyboard */; };
/* End PBXBuildFile section */

/* Begin PBXFileReference section */
		DFF091E41D163C290082FC52 /* MemeMe.ObjC.app */ = {isa = PBXFileReference; explicitFileType = wrapper.application; includeInIndex = 0; path = MemeMe.ObjC.app; sourceTree = BUILT_PRODUCTS_DIR; };
		DFF091E81D163C290082FC52 /* main.m */ = {isa = PBXFileReference; lastKnownFileType = sourcecode.c.objc; path = main.m; sourceTree = "<group>"; };
		DFF091EA1D163C290082FC52 /* AppDelegate.h */ = {isa = PBXFileReference; lastKnownFileType = sourcecode.c.h; path = AppDelegate.h; sourceTree = "<group>"; };
		DFF091EB1D163C290082FC52 /* AppDelegate.m */ = {isa = PBXFileReference; lastKnownFileType = sourcecode.c.objc; path = AppDelegate.m; sourceTree = "<group>"; };
		DFF091ED1D163C290082FC52 /* ViewController.h */ = {isa = PBXFileReference; lastKnownFileType = sourcecode.c.h; path = ViewController.h; sourceTree = "<group>"; };
		DFF091EE1D163C290082FC52 /* ViewController.m */ = {isa = PBXFileReference; lastKnownFileType = sourcecode.c.objc; path = ViewController.m; sourceTree = "<group>"; };
		DFF091F11D163C290082FC52 /* Base */ = {isa = PBXFileReference; lastKnownFileType = file.storyboard; name = Base; path = Base.lproj/Main.storyboard; sourceTree = "<group>"; };
		DFF091F31D163C290082FC52 /* Assets.xcassets */ = {isa = PBXFileReference; lastKnownFileType = folder.assetcatalog; path = Assets.xcassets; sourceTree = "<group>"; };
		DFF091F61D163C290082FC52 /* Base */ = {isa = PBXFileReference; lastKnownFileType = file.storyboard; name = Base; path = Base.lproj/LaunchScreen.storyboard; sourceTree = "<group>"; };
		DFF091F81D163C290082FC52 /* Info.plist */ = {isa = PBXFileReference; lastKnownFileType = text.plist.xml; path = Info.plist; sourceTree = "<group>"; };
/* End PBXFileReference section */

/* Begin PBXFrameworksBuildPhase section */
		DFF091E11D163C290082FC52 /* Frameworks */ = {
			isa = PBXFrameworksBuildPhase;
			buildActionMask = 2147483647;
			files = (
			);
			runOnlyForDeploymentPostprocessing = 0;
		};
/* End PBXFrameworksBuildPhase section */

/* Begin PBXGroup section */
		DFF091DB1D163C290082FC52 = {
			isa = PBXGroup;
			children = (
				DFF091E61D163C290082FC52 /* MemeMe.ObjC */,
				DFF091E51D163C290082FC52 /* Products */,
			);
			sourceTree = "<group>";
		};
		DFF091E51D163C290082FC52 /* Products */ = {
			isa = PBXGroup;
			children = (
				DFF091E41D163C290082FC52 /* MemeMe.ObjC.app */,
			);
			name = Products;
			sourceTree = "<group>";
		};
		DFF091E61D163C290082FC52 /* MemeMe.ObjC */ = {
			isa = PBXGroup;
			children = (
				DFF091EA1D163C290082FC52 /* AppDelegate.h */,
				DFF091EB1D163C290082FC52 /* AppDelegate.m */,
				DFF091ED1D163C290082FC52 /* ViewController.h */,
				DFF091EE1D163C290082FC52 /* ViewController.m */,
				DFF091F01D163C290082FC52 /* Main.storyboard */,
				DFF091F31D163C290082FC52 /* Assets.xcassets */,
				DFF091F51D163C290082FC52 /* LaunchScreen.storyboard */,
				DFF091F81D163C290082FC52 /* Info.plist */,
				DFF091E71D163C290082FC52 /* Supporting Files */,
			);
			path = MemeMe.ObjC;
			sourceTree = "<group>";
		};
		DFF091E71D163C290082FC52 /* Supporting Files */ = {
			isa = PBXGroup;
			children = (
				DFF091E81D163C290082FC52 /* main.m */,
			);
			name = "Supporting Files";
			sourceTree = "<group>";
		};
/* End PBXGroup section */

/* Begin PBXNativeTarget section */
		DFF091E31D163C290082FC52 /* MemeMe.ObjC */ = {
			isa = PBXNativeTarget;
			buildConfigurationList = DFF091FB1D163C290082FC52 /* Build configuration list for PBXNativeTarget "MemeMe.ObjC" */;
			buildPhases = (
				DFF091E01D163C290082FC52 /* Sources */,
				DFF091E11D163C290082FC52 /* Frameworks */,
				DFF091E21D163C290082FC52 /* Resources */,
			);
			buildRules = (
			);
			dependencies = (
			);
			name = MemeMe.ObjC;
			productName = MemeMe.ObjC;
			productReference = DFF091E41D163C290082FC52 /* MemeMe.ObjC.app */;
			productType = "com.apple.product-type.application";
		};
/* End PBXNativeTarget section */

/* Begin PBXProject section */
		DFF091DC1D163C290082FC52 /* Project object */ = {
			isa = PBXProject;
			attributes = {
				LastUpgradeCheck = 0720;
				ORGANIZATIONNAME = "Robert Garza";
				TargetAttributes = {
					DFF091E31D163C290082FC52 = {
						CreatedOnToolsVersion = 7.2;
						DevelopmentTeam = PJUDQQF3CQ;
					};
				};
			};
			buildConfigurationList = DFF091DF1D163C290082FC52 /* Build configuration list for PBXProject "MemeMe.ObjC" */;
			compatibilityVersion = "Xcode 3.2";
			developmentRegion = English;
			hasScannedForEncodings = 0;
			knownRegions = (
				en,
				Base,
			);
			mainGroup = DFF091DB1D163C290082FC52;
			productRefGroup = DFF091E51D163C290082FC52 /* Products */;
			projectDirPath = "";
			projectRoot = "";
			targets = (
				DFF091E31D163C290082FC52 /* MemeMe.ObjC */,
			);
		};
/* End PBXProject section */

/* Begin PBXResourcesBuildPhase section */
		DFF091E21D163C290082FC52 /* Resources */ = {
			isa = PBXResourcesBuildPhase;
			buildActionMask = 2147483647;
			files = (
				DFF091F71D163C290082FC52 /* LaunchScreen.storyboard in Resources */,
				DFF091F41D163C290082FC52 /* Assets.xcassets in Resources */,
				DFF091F21D163C290082FC52 /* Main.storyboard in Resources */,
			);
			runOnlyForDeploymentPostprocessing = 0;
		};
/* End PBXResourcesBuildPhase section */

/* Begin PBXSourcesBuildPhase section */
		DFF091E01D163C290082FC52 /* Sources */ = {
			isa = PBXSourcesBuildPhase;
			buildActionMask = 2147483647;
			files = (
				DFF091EF1D163C290082FC52 /* ViewController.m in Sources */,
				DFF091EC1D163C290082FC52 /* AppDelegate.m in Sources */,
				DFF091E91D163C290082FC52 /* main.m in Sources */,
			);
			runOnlyForDeploymentPostprocessing = 0;
		};
/* End PBXSourcesBuildPhase section */

/* Begin PBXVariantGroup section */
		DFF091F01D163C290082FC52 /* Main.storyboard */ = {
			isa = PBXVariantGroup;
			children = (
				DFF091F11D163C290082FC52 /* Base */,
			);
			name = Main.storyboard;
			sourceTree = "<group>";
		};
		DFF091F51D163C290082FC52 /* LaunchScreen.storyboard */ = {
			isa = PBXVariantGroup;
			children = (
				DFF091F61D163C290082FC52 /* Base */,
			);
			name = LaunchScreen.storyboard;
			sourceTree = "<group>";
		};
/* End PBXVariantGroup section */

/* Begin XCBuildConfiguration section */
		DFF091F91D163C290082FC52 /* Debug */ = {
			isa = XCBuildConfiguration;
			buildSettings = {
				ALWAYS_SEARCH_USER_PATHS = NO;
				CLANG_CXX_LANGUAGE_STANDARD = "gnu++0x";
				CLANG_CXX_LIBRARY = "libc++";
				CLANG_ENABLE_MODULES = YES;
				CLANG_ENABLE_OBJC_ARC = YES;
				CLANG_WARN_BOOL_CONVERSION = YES;
				CLANG_WARN_CONSTANT_CONVERSION = YES;
				CLANG_WARN_DIRECT_OBJC_ISA_USAGE = YES_ERROR;
				CLANG_WARN_EMPTY_BODY = YES;
				CLANG_WARN_ENUM_CONVERSION = YES;
				CLANG_WARN_INT_CONVERSION = YES;
				CLANG_WARN_OBJC_ROOT_CLASS = YES_ERROR;
				CLANG_WARN_UNREACHABLE_CODE = YES;
				CLANG_WARN__DUPLICATE_METHOD_MATCH = YES;
				"CODE_SIGN_IDENTITY[sdk=iphoneos*]" = "iPhone Developer";
				COPY_PHASE_STRIP = NO;
				DEBUG_INFORMATION_FORMAT = dwarf;
				ENABLE_STRICT_OBJC_MSGSEND = YES;
				ENABLE_TESTABILITY = YES;
				GCC_C_LANGUAGE_STANDARD = gnu99;
				GCC_DYNAMIC_NO_PIC = NO;
				GCC_NO_COMMON_BLOCKS = YES;
				GCC_OPTIMIZATION_LEVEL = 0;
				GCC_PREPROCESSOR_DEFINITIONS = (
					"DEBUG=1",
					"$(inherited)",
				);
				GCC_WARN_64_TO_32_BIT_CONVERSION = YES;
				GCC_WARN_ABOUT_RETURN_TYPE = YES_ERROR;
				GCC_WARN_UNDECLARED_SELECTOR = YES;
				GCC_WARN_UNINITIALIZED_AUTOS = YES_AGGRESSIVE;
				GCC_WARN_UNUSED_FUNCTION = YES;
				GCC_WARN_UNUSED_VARIABLE = YES;
				IPHONEOS_DEPLOYMENT_TARGET = 9.2;
				MTL_ENABLE_DEBUG_INFO = YES;
				ONLY_ACTIVE_ARCH = YES;
				SDKROOT = iphoneos;
				TARGETED_DEVICE_FAMILY = "1,2";
			};
			name = Debug;
		};
		DFF091FA1D163C290082FC52 /* Release */ = {
			isa = XCBuildConfiguration;
			buildSettings = {
				ALWAYS_SEARCH_USER_PATHS = NO;
				CLANG_CXX_LANGUAGE_STANDARD = "gnu++0x";
				CLANG_CXX_LIBRARY = "libc++";
				CLANG_ENABLE_MODULES = YES;
				CLANG_ENABLE_OBJC_ARC = YES;
				CLANG_WARN_BOOL_CONVERSION = YES;
				CLANG_WARN_CONSTANT_CONVERSION = YES;
				CLANG_WARN_DIRECT_OBJC_ISA_USAGE = YES_ERROR;
				CLANG_WARN_EMPTY_BODY = YES;
				CLANG_WARN_ENUM_CONVERSION = YES;
				CLANG_WARN_INT_CONVERSION = YES;
				CLANG_WARN_OBJC_ROOT_CLASS = YES_ERROR;
				CLANG_WARN_UNREACHABLE_CODE = YES;
				CLANG_WARN__DUPLICATE_METHOD_MATCH = YES;
				"CODE_SIGN_IDENTITY[sdk=iphoneos*]" = "iPhone Developer";
				COPY_PHASE_STRIP = NO;
				DEBUG_INFORMATION_FORMAT = "dwarf-with-dsym";
				ENABLE_NS_ASSERTIONS = NO;
				ENABLE_STRICT_OBJC_MSGSEND = YES;
				GCC_C_LANGUAGE_STANDARD = gnu99;
				GCC_NO_COMMON_BLOCKS = YES;
				GCC_WARN_64_TO_32_BIT_CONVERSION = YES;
				GCC_WARN_ABOUT_RETURN_TYPE = YES_ERROR;
				GCC_WARN_UNDECLARED_SELECTOR = YES;
				GCC_WARN_UNINITIALIZED_AUTOS = YES_AGGRESSIVE;
				GCC_WARN_UNUSED_FUNCTION = YES;
				GCC_WARN_UNUSED_VARIABLE = YES;
				IPHONEOS_DEPLOYMENT_TARGET = 9.2;
				MTL_ENABLE_DEBUG_INFO = NO;
				SDKROOT = iphoneos;
				TARGETED_DEVICE_FAMILY = "1,2";
				VALIDATE_PRODUCT = YES;
			};
			name = Release;
		};
		DFF091FC1D163C290082FC52 /* Debug */ = {
			isa = XCBuildConfiguration;
			buildSettings = {
				ASSETCATALOG_COMPILER_APPICON_NAME = AppIcon;
				INFOPLIST_FILE = MemeMe.ObjC/Info.plist;
				LD_RUNPATH_SEARCH_PATHS = "$(inherited) @executable_path/Frameworks";
				PRODUCT_BUNDLE_IDENTIFIER = "ROB.MemeMe-ObjC";
				PRODUCT_NAME = "$(TARGET_NAME)";
			};
			name = Debug;
		};
		DFF091FD1D163C290082FC52 /* Release */ = {
			isa = XCBuildConfiguration;
			buildSettings = {
				ASSETCATALOG_COMPILER_APPICON_NAME = AppIcon;
				INFOPLIST_FILE = MemeMe.ObjC/Info.plist;
				LD_RUNPATH_SEARCH_PATHS = "$(inherited) @executable_path/Frameworks";
				PRODUCT_BUNDLE_IDENTIFIER = "ROB.MemeMe-ObjC";
				PRODUCT_NAME = "$(TARGET_NAME)";
			};
			name = Release;
		};
/* End XCBuildConfiguration section */

/* Begin XCConfigurationList section */
		DFF091DF1D163C290082FC52 /* Build configuration list for PBXProject "MemeMe.ObjC" */ = {
			isa = XCConfigurationList;
			buildConfigurations = (
				DFF091F91D163C290082FC52 /* Debug */,
				DFF091FA1D163C290082FC52 /* Release */,
			);
			defaultConfigurationIsVisible = 0;
			defaultConfigurationName = Release;
		};
		DFF091FB1D163C290082FC52 /* Build configuration list for PBXNativeTarget "MemeMe.ObjC" */ = {
			isa = XCConfigurationList;
			buildConfigurations = (
				DFF091FC1D163C290082FC52 /* Debug */,
				DFF091FD1D163C290082FC52 /* Release */,
			);
			defaultConfigurationIsVisible = 0;
		};
/* End XCConfigurationList section */
	};
	rootObject = DFF091DC1D163C290082FC52 /* Project object */;
}
